
Microsoft Visual Studio Solution File, Format Version 12.00
# Visual Studio Version 17
VisualStudioVersion = 17.8.34309.116
MinimumVisualStudioVersion = 10.0.40219.1
Project("{9A19103F-16F7-4668-BE54-9A1E7A4F7556}") = "MyFirstWebsite", "MyFirstWebsite\MyFirstWebsite.csproj", "{32F86116-1B76-4BE8-B86A-C8EFF6103DB1}"
EndProject
Global
	GlobalSection(SolutionConfigurationPlatforms) = preSolution
		Debug|Any CPU = Debug|Any CPU
		Release|Any CPU = Release|Any CPU
	EndGlobalSection
	GlobalSection(ProjectConfigurationPlatforms) = postSolution
		{32F86116-1B76-4BE8-B86A-C8EFF6103DB1}.Debug|Any CPU.ActiveCfg = Debug|Any CPU
		{32F86116-1B76-4BE8-B86A-C8EFF6103DB1}.Debug|Any CPU.Build.0 = Debug|Any CPU
		{32F86116-1B76-4BE8-B86A-C8EFF6103DB1}.Release|Any CPU.ActiveCfg = Release|Any CPU
		{32F86116-1B76-4BE8-B86A-C8EFF6103DB1}.Release|Any CPU.Build.0 = Release|Any CPU
	EndGlobalSection
	GlobalSection(SolutionProperties) = preSolution
		HideSolutionNode = FALSE
	EndGlobalSection
	GlobalSection(ExtensibilityGlobals) = postSolution
		SolutionGuid = {A7F17D50-FF6B-47DE-9796-75858E6C6809}
	EndGlobalSection
EndGlobal
